
Microsoft Visual Studio Solution File, Format Version 12.00
# Visual Studio 14
VisualStudioVersion = 14.0.25420.1
MinimumVisualStudioVersion = 10.0.40219.1
Project("{FAE04EC0-301F-11D3-BF4B-00C04F79EFBC}") = "CatanClient", "CatanClient\CatanClient.csproj", "{1E51364F-4FC9-4BEA-9548-56C8DEEB0411}"
EndProject
Project("{FAE04EC0-301F-11D3-BF4B-00C04F79EFBC}") = "Catan.Client", "Catan.Client\Catan.Client.csproj", "{C65CB373-9B88-4B59-8E0A-009F40F3CDFB}"
EndProject
Global
	GlobalSection(SolutionConfigurationPlatforms) = preSolution
		Debug|Any CPU = Debug|Any CPU
		Release|Any CPU = Release|Any CPU
	EndGlobalSection
	GlobalSection(ProjectConfigurationPlatforms) = postSolution
		{1E51364F-4FC9-4BEA-9548-56C8DEEB0411}.Debug|Any CPU.ActiveCfg = Debug|Any CPU
		{1E51364F-4FC9-4BEA-9548-56C8DEEB0411}.Debug|Any CPU.Build.0 = Debug|Any CPU
		{1E51364F-4FC9-4BEA-9548-56C8DEEB0411}.Release|Any CPU.ActiveCfg = Release|Any CPU
		{1E51364F-4FC9-4BEA-9548-56C8DEEB0411}.Release|Any CPU.Build.0 = Release|Any CPU
		{C65CB373-9B88-4B59-8E0A-009F40F3CDFB}.Debug|Any CPU.ActiveCfg = Debug|Any CPU
		{C65CB373-9B88-4B59-8E0A-009F40F3CDFB}.Debug|Any CPU.Build.0 = Debug|Any CPU
		{C65CB373-9B88-4B59-8E0A-009F40F3CDFB}.Release|Any CPU.ActiveCfg = Release|Any CPU
		{C65CB373-9B88-4B59-8E0A-009F40F3CDFB}.Release|Any CPU.Build.0 = Release|Any CPU
	EndGlobalSection
	GlobalSection(SolutionProperties) = preSolution
		HideSolutionNode = FALSE
	EndGlobalSection
EndGlobal
